
Microsoft Visual Studio Solution File, Format Version 12.00
# Visual Studio Version 17
VisualStudioVersion = 17.2.32630.192
MinimumVisualStudioVersion = 10.0.40219.1
Project("{2150E333-8FDC-42A3-9474-1A3956D46DE8}") = "src", "src", "{537D0D04-1BAB-4538-AA30-5F9058CB928F}"
EndProject
Project("{2150E333-8FDC-42A3-9474-1A3956D46DE8}") = "test", "test", "{AA64A0F9-CD5E-481C-AB6A-2C4E865EE181}"
EndProject
Project("{2150E333-8FDC-42A3-9474-1A3956D46DE8}") = "Application", "Application", "{45960FD1-636B-4711-933F-D6C0229259CA}"
EndProject
Project("{2150E333-8FDC-42A3-9474-1A3956D46DE8}") = "Domain", "Domain", "{F6A7757C-0422-4915-8742-CE4411F13117}"
EndProject
Project("{2150E333-8FDC-42A3-9474-1A3956D46DE8}") = "Persistence", "Persistence", "{4CD48493-3752-4BE0-A9E0-DF3818B6A129}"
EndProject
Project("{9A19103F-16F7-4668-BE54-9A1E7A4F7556}") = "Application", "src\Application\Application.csproj", "{C4EE6476-4EBC-48DE-90C9-881D7459B186}"
EndProject
Project("{9A19103F-16F7-4668-BE54-9A1E7A4F7556}") = "Domain", "src\Domain\Domain.csproj", "{4255B4EA-035A-497C-BA6A-2C3BC5A8EA47}"
EndProject
Project("{9A19103F-16F7-4668-BE54-9A1E7A4F7556}") = "Persistence", "src\Persistence\Persistence.csproj", "{EF6037CF-A80A-48FA-B948-3A8613AF6E83}"
EndProject
Project("{2150E333-8FDC-42A3-9474-1A3956D46DE8}") = "WebApi", "WebApi", "{E8FDF4A2-9AF1-4FE1-A1DE-5CCEBA28A910}"
EndProject
Project("{9A19103F-16F7-4668-BE54-9A1E7A4F7556}") = "WebApi", "src\WebApi\WebApi.csproj", "{D6B7D3C2-B859-4152-8F89-A850923FAE18}"
EndProject
Global
	GlobalSection(SolutionConfigurationPlatforms) = preSolution
		Debug|Any CPU = Debug|Any CPU
		Release|Any CPU = Release|Any CPU
	EndGlobalSection
	GlobalSection(ProjectConfigurationPlatforms) = postSolution
		{C4EE6476-4EBC-48DE-90C9-881D7459B186}.Debug|Any CPU.ActiveCfg = Debug|Any CPU
		{C4EE6476-4EBC-48DE-90C9-881D7459B186}.Debug|Any CPU.Build.0 = Debug|Any CPU
		{C4EE6476-4EBC-48DE-90C9-881D7459B186}.Release|Any CPU.ActiveCfg = Release|Any CPU
		{C4EE6476-4EBC-48DE-90C9-881D7459B186}.Release|Any CPU.Build.0 = Release|Any CPU
		{4255B4EA-035A-497C-BA6A-2C3BC5A8EA47}.Debug|Any CPU.ActiveCfg = Debug|Any CPU
		{4255B4EA-035A-497C-BA6A-2C3BC5A8EA47}.Debug|Any CPU.Build.0 = Debug|Any CPU
		{4255B4EA-035A-497C-BA6A-2C3BC5A8EA47}.Release|Any CPU.ActiveCfg = Release|Any CPU
		{4255B4EA-035A-497C-BA6A-2C3BC5A8EA47}.Release|Any CPU.Build.0 = Release|Any CPU
		{EF6037CF-A80A-48FA-B948-3A8613AF6E83}.Debug|Any CPU.ActiveCfg = Debug|Any CPU
		{EF6037CF-A80A-48FA-B948-3A8613AF6E83}.Debug|Any CPU.Build.0 = Debug|Any CPU
		{EF6037CF-A80A-48FA-B948-3A8613AF6E83}.Release|Any CPU.ActiveCfg = Release|Any CPU
		{EF6037CF-A80A-48FA-B948-3A8613AF6E83}.Release|Any CPU.Build.0 = Release|Any CPU
		{D6B7D3C2-B859-4152-8F89-A850923FAE18}.Debug|Any CPU.ActiveCfg = Debug|Any CPU
		{D6B7D3C2-B859-4152-8F89-A850923FAE18}.Debug|Any CPU.Build.0 = Debug|Any CPU
		{D6B7D3C2-B859-4152-8F89-A850923FAE18}.Release|Any CPU.ActiveCfg = Release|Any CPU
		{D6B7D3C2-B859-4152-8F89-A850923FAE18}.Release|Any CPU.Build.0 = Release|Any CPU
	EndGlobalSection
	GlobalSection(SolutionProperties) = preSolution
		HideSolutionNode = FALSE
	EndGlobalSection
	GlobalSection(NestedProjects) = preSolution
		{45960FD1-636B-4711-933F-D6C0229259CA} = {537D0D04-1BAB-4538-AA30-5F9058CB928F}
		{F6A7757C-0422-4915-8742-CE4411F13117} = {537D0D04-1BAB-4538-AA30-5F9058CB928F}
		{4CD48493-3752-4BE0-A9E0-DF3818B6A129} = {537D0D04-1BAB-4538-AA30-5F9058CB928F}
		{C4EE6476-4EBC-48DE-90C9-881D7459B186} = {45960FD1-636B-4711-933F-D6C0229259CA}
		{4255B4EA-035A-497C-BA6A-2C3BC5A8EA47} = {F6A7757C-0422-4915-8742-CE4411F13117}
		{EF6037CF-A80A-48FA-B948-3A8613AF6E83} = {4CD48493-3752-4BE0-A9E0-DF3818B6A129}
		{E8FDF4A2-9AF1-4FE1-A1DE-5CCEBA28A910} = {537D0D04-1BAB-4538-AA30-5F9058CB928F}
		{D6B7D3C2-B859-4152-8F89-A850923FAE18} = {E8FDF4A2-9AF1-4FE1-A1DE-5CCEBA28A910}
	EndGlobalSection
	GlobalSection(ExtensibilityGlobals) = postSolution
		SolutionGuid = {3DA060DB-377B-4A1E-BF9C-B7BADFAF1C1C}
	EndGlobalSection
EndGlobal
